
Microsoft Visual Studio Solution File, Format Version 12.00
# Visual Studio Version 17
VisualStudioVersion = 17.11.35431.28
MinimumVisualStudioVersion = 10.0.40219.1
Project("{9A19103F-16F7-4668-BE54-9A1E7A4F7556}") = "SfOAuth", "SfOAuth.csproj", "{24FD8439-8ECF-426C-8030-D8EFF14BC877}"
EndProject
Global
	GlobalSection(SolutionConfigurationPlatforms) = preSolution
		Debug|Any CPU = Debug|Any CPU
		Release|Any CPU = Release|Any CPU
	EndGlobalSection
	GlobalSection(ProjectConfigurationPlatforms) = postSolution
		{24FD8439-8ECF-426C-8030-D8EFF14BC877}.Debug|Any CPU.ActiveCfg = Debug|Any CPU
		{24FD8439-8ECF-426C-8030-D8EFF14BC877}.Debug|Any CPU.Build.0 = Debug|Any CPU
		{24FD8439-8ECF-426C-8030-D8EFF14BC877}.Release|Any CPU.ActiveCfg = Release|Any CPU
		{24FD8439-8ECF-426C-8030-D8EFF14BC877}.Release|Any CPU.Build.0 = Release|Any CPU
	EndGlobalSection
	GlobalSection(SolutionProperties) = preSolution
		HideSolutionNode = FALSE
	EndGlobalSection
	GlobalSection(ExtensibilityGlobals) = postSolution
		SolutionGuid = {CF36F63D-D8EE-42BF-88F2-3DEF6F523829}
	EndGlobalSection
EndGlobal
